PODS:
  - audioplayers_darwin (0.0.1):
    - Flutter
    - FlutterMacOS
  - Firebase/CoreOnly (12.12.1):
    - FirebaseCore (~> 12.12.1)
  - firebase_core (4.7.0):
    - Firebase/CoreOnly (~> 12.12.0)
    - FlutterMacOS
  - FirebaseCore (12.12.1):
    - FirebaseCoreInternal (~> 12.12.0)
    - GoogleUtilities/Environment (~> 8.1)
    - GoogleUtilities/Logger (~> 8.1)
  - FirebaseCoreInternal (12.12.0):
    - "GoogleUtilities/NSData+zlib (~> 8.1)"
  - FlutterMacOS (1.0.0)
  - GoogleUtilities/Environment (8.1.0):
    - GoogleUtilities/Privacy
  - GoogleUtilities/Logger (8.1.0):
    - GoogleUtilities/Environment
    - GoogleUtilities/Privacy
  - "GoogleUtilities/NSData+zlib (8.1.0)":
    - GoogleUtilities/Privacy
  - GoogleUtilities/Privacy (8.1.0)
  - shared_preferences_foundation (0.0.1):
    - Flutter
    - FlutterMacOS

DEPENDENCIES:
  - audioplayers_darwin (from `Flutter/ephemeral/.symlinks/plugins/audioplayers_darwin/darwin`)
  - firebase_core (from `Flutter/ephemeral/.symlinks/plugins/firebase_core/macos`)
  - FlutterMacOS (from `Flutter/ephemeral`)
  - shared_preferences_foundation (from `Flutter/ephemeral/.symlinks/plugins/shared_preferences_foundation/darwin`)

SPEC REPOS:
  trunk:
    - Firebase
    - FirebaseCore
    - FirebaseCoreInternal
    - GoogleUtilities

EXTERNAL SOURCES:
  audioplayers_darwin:
    :path: Flutter/ephemeral/.symlinks/plugins/audioplayers_darwin/darwin
  firebase_core:
    :path: Flutter/ephemeral/.symlinks/plugins/firebase_core/macos
  FlutterMacOS:
    :path: Flutter/ephemeral
  shared_preferences_foundation:
    :path: Flutter/ephemeral/.symlinks/plugins/shared_preferences_foundation/darwin

SPEC CHECKSUMS:
  audioplayers_darwin: f15e209a3e856d1a7edcf98dc029f484fead2242
  Firebase: 14f11e91129d246a8a6166b4c1c2ea61b56806ec
  firebase_core: 0c41d3862ed4c5b0f514926bb955ef986cff3e16
  FirebaseCore: 86241206e656f5c80c995e370e6c975913b9b284
  FirebaseCoreInternal: 7c12fc3011d889085e765e317d7b9fd1cef97af9
  FlutterMacOS: d0db08ddef1a9af05a5ec4b724367152bb0500b1
  GoogleUtilities: 00c88b9a86066ef77f0da2fab05f65d7768ed8e1
  shared_preferences_foundation: 5086985c1d43c5ba4d5e69a4e8083a389e2909e6

PODFILE CHECKSUM: 54d867c82ac51cbd61b565781b9fada492027009

COCOAPODS: 1.16.2
